// !$*UTF8*$!
{
	archiveVersion = 1;
	classes = {
	};
	objectVersion = 56;
	objects = {

/* Begin PBXBuildFile section */
		5555FAC12A4DD63D00DB2897 /* FinishViewController.swift in Sources */ = {isa = PBXBuildFile; fileRef = 5555FAC02A4DD63D00DB2897 /* FinishViewController.swift */; };
		559AAAC32A3621D0006B994E /* GameModel.swift in Sources */ = {isa = PBXBuildFile; fileRef = 559AAAC22A3621CF006B994E /* GameModel.swift */; };
		55CC54952A239B4000F65E6B /* AppDelegate.swift in Sources */ = {isa = PBXBuildFile; fileRef = 55CC54942A239B4000F65E6B /* AppDelegate.swift */; };
		55CC54972A239B4000F65E6B /* SceneDelegate.swift in Sources */ = {isa = PBXBuildFile; fileRef = 55CC54962A239B4000F65E6B /* SceneDelegate.swift */; };
		55CC54992A239B4000F65E6B /* GreetingViewController.swift in Sources */ = {isa = PBXBuildFile; fileRef = 55CC54982A239B4000F65E6B /* GreetingViewController.swift */; };
		55CC549C2A239B4000F65E6B /* Main.storyboard in Resources */ = {isa = PBXBuildFile; fileRef = 55CC549A2A239B4000F65E6B /* Main.storyboard */; };
		55CC549E2A239B4200F65E6B /* Assets.xcassets in Resources */ = {isa = PBXBuildFile; fileRef = 55CC549D2A239B4200F65E6B /* Assets.xcassets */; };
		55CC54A12A239B4200F65E6B /* LaunchScreen.storyboard in Resources */ = {isa = PBXBuildFile; fileRef = 55CC549F2A239B4200F65E6B /* LaunchScreen.storyboard */; };
		55CC54AC2A23A76F00F65E6B /* MenuViewController.swift in Sources */ = {isa = PBXBuildFile; fileRef = 55CC54AB2A23A76F00F65E6B /* MenuViewController.swift */; };
		55CC54AE2A23A78D00F65E6B /* GameViewController.swift in Sources */ = {isa = PBXBuildFile; fileRef = 55CC54AD2A23A78D00F65E6B /* GameViewController.swift */; };
		55CC54B02A23A7B200F65E6B /* SettingsViewController.swift in Sources */ = {isa = PBXBuildFile; fileRef = 55CC54AF2A23A7B200F65E6B /* SettingsViewController.swift */; };
		55CC54B22A23A7D000F65E6B /* StatisticViewController.swift in Sources */ = {isa = PBXBuildFile; fileRef = 55CC54B12A23A7D000F65E6B /* StatisticViewController.swift */; };
/* End PBXBuildFile section */

/* Begin PBXFileReference section */
		5555FAC02A4DD63D00DB2897 /* FinishViewController.swift */ = {isa = PBXFileReference; lastKnownFileType = sourcecode.swift; path = FinishViewController.swift; sourceTree = "<group>"; };
		559AAAC22A3621CF006B994E /* GameModel.swift */ = {isa = PBXFileReference; lastKnownFileType = sourcecode.swift; path = GameModel.swift; sourceTree = "<group>"; };
		55CC54912A239B4000F65E6B /* HangmanGame.app */ = {isa = PBXFileReference; explicitFileType = wrapper.application; includeInIndex = 0; path = HangmanGame.app; sourceTree = BUILT_PRODUCTS_DIR; };
		55CC54942A239B4000F65E6B /* AppDelegate.swift */ = {isa = PBXFileReference; lastKnownFileType = sourcecode.swift; path = AppDelegate.swift; sourceTree = "<group>"; };
		55CC54962A239B4000F65E6B /* SceneDelegate.swift */ = {isa = PBXFileReference; lastKnownFileType = sourcecode.swift; path = SceneDelegate.swift; sourceTree = "<group>"; };
		55CC54982A239B4000F65E6B /* GreetingViewController.swift */ = {isa = PBXFileReference; lastKnownFileType = sourcecode.swift; path = GreetingViewController.swift; sourceTree = "<group>"; };
		55CC549B2A239B4000F65E6B /* Base */ = {isa = PBXFileReference; lastKnownFileType = file.storyboard; name = Base; path = Base.lproj/Main.storyboard; sourceTree = "<group>"; };
		55CC549D2A239B4200F65E6B /* Assets.xcassets */ = {isa = PBXFileReference; lastKnownFileType = folder.assetcatalog; path = Assets.xcassets; sourceTree = "<group>"; };
		55CC54A02A239B4200F65E6B /* Base */ = {isa = PBXFileReference; lastKnownFileType = file.storyboard; name = Base; path = Base.lproj/LaunchScreen.storyboard; sourceTree = "<group>"; };
		55CC54A22A239B4200F65E6B /* Info.plist */ = {isa = PBXFileReference; lastKnownFileType = text.plist.xml; path = Info.plist; sourceTree = "<group>"; };
		55CC54AB2A23A76F00F65E6B /* MenuViewController.swift */ = {isa = PBXFileReference; lastKnownFileType = sourcecode.swift; path = MenuViewController.swift; sourceTree = "<group>"; };
		55CC54AD2A23A78D00F65E6B /* GameViewController.swift */ = {isa = PBXFileReference; lastKnownFileType = sourcecode.swift; path = GameViewController.swift; sourceTree = "<group>"; };
		55CC54AF2A23A7B200F65E6B /* SettingsViewController.swift */ = {isa = PBXFileReference; lastKnownFileType = sourcecode.swift; path = SettingsViewController.swift; sourceTree = "<group>"; };
		55CC54B12A23A7D000F65E6B /* StatisticViewController.swift */ = {isa = PBXFileReference; lastKnownFileType = sourcecode.swift; path = StatisticViewController.swift; sourceTree = "<group>"; };
/* End PBXFileReference section */

/* Begin PBXFrameworksBuildPhase section */
		55CC548E2A239B4000F65E6B /* Frameworks */ = {
			isa = PBXFrameworksBuildPhase;
			buildActionMask = 2147483647;
			files = (
			);
			runOnlyForDeploymentPostprocessing = 0;
		};
/* End PBXFrameworksBuildPhase section */

/* Begin PBXGroup section */
		55CC54882A239B4000F65E6B = {
			isa = PBXGroup;
			children = (
				55CC54932A239B4000F65E6B /* HangmanGame */,
				55CC54922A239B4000F65E6B /* Products */,
			);
			sourceTree = "<group>";
		};
		55CC54922A239B4000F65E6B /* Products */ = {
			isa = PBXGroup;
			children = (
				55CC54912A239B4000F65E6B /* HangmanGame.app */,
			);
			name = Products;
			sourceTree = "<group>";
		};
		55CC54932A239B4000F65E6B /* HangmanGame */ = {
			isa = PBXGroup;
			children = (
				55CC54AA2A23A6B400F65E6B /* Model */,
				55CC54A82A23A69900F65E6B /* View */,
				55CC54A92A23A6AA00F65E6B /* Controller */,
				55CC54942A239B4000F65E6B /* AppDelegate.swift */,
				55CC54962A239B4000F65E6B /* SceneDelegate.swift */,
				55CC549A2A239B4000F65E6B /* Main.storyboard */,
				55CC549D2A239B4200F65E6B /* Assets.xcassets */,
				55CC549F2A239B4200F65E6B /* LaunchScreen.storyboard */,
				55CC54A22A239B4200F65E6B /* Info.plist */,
			);
			path = HangmanGame;
			sourceTree = "<group>";
		};
		55CC54A82A23A69900F65E6B /* View */ = {
			isa = PBXGroup;
			children = (
			);
			path = View;
			sourceTree = "<group>";
		};
		55CC54A92A23A6AA00F65E6B /* Controller */ = {
			isa = PBXGroup;
			children = (
				55CC54982A239B4000F65E6B /* GreetingViewController.swift */,
				55CC54AB2A23A76F00F65E6B /* MenuViewController.swift */,
				55CC54AD2A23A78D00F65E6B /* GameViewController.swift */,
				55CC54AF2A23A7B200F65E6B /* SettingsViewController.swift */,
				55CC54B12A23A7D000F65E6B /* StatisticViewController.swift */,
				5555FAC02A4DD63D00DB2897 /* FinishViewController.swift */,
			);
			path = Controller;
			sourceTree = "<group>";
		};
		55CC54AA2A23A6B400F65E6B /* Model */ = {
			isa = PBXGroup;
			children = (
				559AAAC22A3621CF006B994E /* GameModel.swift */,
			);
			path = Model;
			sourceTree = "<group>";
		};
/* End PBXGroup section */

/* Begin PBXNativeTarget section */
		55CC54902A239B4000F65E6B /* HangmanGame */ = {
			isa = PBXNativeTarget;
			buildConfigurationList = 55CC54A52A239B4200F65E6B /* Build configuration list for PBXNativeTarget "HangmanGame" */;
			buildPhases = (
				55CC548D2A239B4000F65E6B /* Sources */,
				55CC548E2A239B4000F65E6B /* Frameworks */,
				55CC548F2A239B4000F65E6B /* Resources */,
			);
			buildRules = (
			);
			dependencies = (
			);
			name = HangmanGame;
			productName = HangmanGame;
			productReference = 55CC54912A239B4000F65E6B /* HangmanGame.app */;
			productType = "com.apple.product-type.application";
		};
/* End PBXNativeTarget section */

/* Begin PBXProject section */
		55CC54892A239B4000F65E6B /* Project object */ = {
			isa = PBXProject;
			attributes = {
				BuildIndependentTargetsInParallel = 1;
				LastSwiftUpdateCheck = 1410;
				LastUpgradeCheck = 1410;
				TargetAttributes = {
					55CC54902A239B4000F65E6B = {
						CreatedOnToolsVersion = 14.1;
					};
				};
			};
			buildConfigurationList = 55CC548C2A239B4000F65E6B /* Build configuration list for PBXProject "HangmanGame" */;
			compatibilityVersion = "Xcode 14.0";
			developmentRegion = en;
			hasScannedForEncodings = 0;
			knownRegions = (
				en,
				Base,
			);
			mainGroup = 55CC54882A239B4000F65E6B;
			productRefGroup = 55CC54922A239B4000F65E6B /* Products */;
			projectDirPath = "";
			projectRoot = "";
			targets = (
				55CC54902A239B4000F65E6B /* HangmanGame */,
			);
		};
/* End PBXProject section */

/* Begin PBXResourcesBuildPhase section */
		55CC548F2A239B4000F65E6B /* Resources */ = {
			isa = PBXResourcesBuildPhase;
			buildActionMask = 2147483647;
			files = (
				55CC54A12A239B4200F65E6B /* LaunchScreen.storyboard in Resources */,
				55CC549E2A239B4200F65E6B /* Assets.xcassets in Resources */,
				55CC549C2A239B4000F65E6B /* Main.storyboard in Resources */,
			);
			runOnlyForDeploymentPostprocessing = 0;
		};
/* End PBXResourcesBuildPhase section */

/* Begin PBXSourcesBuildPhase section */
		55CC548D2A239B4000F65E6B /* Sources */ = {
			isa = PBXSourcesBuildPhase;
			buildActionMask = 2147483647;
			files = (
				55CC54AE2A23A78D00F65E6B /* GameViewController.swift in Sources */,
				55CC54B22A23A7D000F65E6B /* StatisticViewController.swift in Sources */,
				5555FAC12A4DD63D00DB2897 /* FinishViewController.swift in Sources */,
				55CC54992A239B4000F65E6B /* GreetingViewController.swift in Sources */,
				55CC54952A239B4000F65E6B /* AppDelegate.swift in Sources */,
				55CC54972A239B4000F65E6B /* SceneDelegate.swift in Sources */,
				559AAAC32A3621D0006B994E /* GameModel.swift in Sources */,
				55CC54AC2A23A76F00F65E6B /* MenuViewController.swift in Sources */,
				55CC54B02A23A7B200F65E6B /* SettingsViewController.swift in Sources */,
			);
			runOnlyForDeploymentPostprocessing = 0;
		};
/* End PBXSourcesBuildPhase section */

/* Begin PBXVariantGroup section */
		55CC549A2A239B4000F65E6B /* Main.storyboard */ = {
			isa = PBXVariantGroup;
			children = (
				55CC549B2A239B4000F65E6B /* Base */,
			);
			name = Main.storyboard;
			sourceTree = "<group>";
		};
		55CC549F2A239B4200F65E6B /* LaunchScreen.storyboard */ = {
			isa = PBXVariantGroup;
			children = (
				55CC54A02A239B4200F65E6B /* Base */,
			);
			name = LaunchScreen.storyboard;
			sourceTree = "<group>";
		};
/* End PBXVariantGroup section */

/* Begin XCBuildConfiguration section */
		55CC54A32A239B4200F65E6B /* Debug */ = {
			isa = XCBuildConfiguration;
			buildSettings = {
				ALWAYS_SEARCH_USER_PATHS = NO;
				CLANG_ANALYZER_NONNULL = YES;
				CLANG_ANALYZER_NUMBER_OBJECT_CONVERSION = YES_AGGRESSIVE;
				CLANG_CXX_LANGUAGE_STANDARD = "gnu++20";
				CLANG_ENABLE_MODULES = YES;
				CLANG_ENABLE_OBJC_ARC = YES;
				CLANG_ENABLE_OBJC_WEAK = YES;
				CLANG_WARN_BLOCK_CAPTURE_AUTORELEASING = YES;
				CLANG_WARN_BOOL_CONVERSION = YES;
				CLANG_WARN_COMMA = YES;
				CLANG_WARN_CONSTANT_CONVERSION = YES;
				CLANG_WARN_DEPRECATED_OBJC_IMPLEMENTATIONS = YES;
				CLANG_WARN_DIRECT_OBJC_ISA_USAGE = YES_ERROR;
				CLANG_WARN_DOCUMENTATION_COMMENTS = YES;
				CLANG_WARN_EMPTY_BODY = YES;
				CLANG_WARN_ENUM_CONVERSION = YES;
				CLANG_WARN_INFINITE_RECURSION = YES;
				CLANG_WARN_INT_CONVERSION = YES;
				CLANG_WARN_NON_LITERAL_NULL_CONVERSION = YES;
				CLANG_WARN_OBJC_IMPLICIT_RETAIN_SELF = YES;
				CLANG_WARN_OBJC_LITERAL_CONVERSION = YES;
				CLANG_WARN_OBJC_ROOT_CLASS = YES_ERROR;
				CLANG_WARN_QUOTED_INCLUDE_IN_FRAMEWORK_HEADER = YES;
				CLANG_WARN_RANGE_LOOP_ANALYSIS = YES;
				CLANG_WARN_STRICT_PROTOTYPES = YES;
				CLANG_WARN_SUSPICIOUS_MOVE = YES;
				CLANG_WARN_UNGUARDED_AVAILABILITY = YES_AGGRESSIVE;
				CLANG_WARN_UNREACHABLE_CODE = YES;
				CLANG_WARN__DUPLICATE_METHOD_MATCH = YES;
				COPY_PHASE_STRIP = NO;
				DEBUG_INFORMATION_FORMAT = dwarf;
				ENABLE_STRICT_OBJC_MSGSEND = YES;
				ENABLE_TESTABILITY = YES;
				GCC_C_LANGUAGE_STANDARD = gnu11;
				GCC_DYNAMIC_NO_PIC = NO;
				GCC_NO_COMMON_BLOCKS = YES;
				GCC_OPTIMIZATION_LEVEL = 0;
				GCC_PREPROCESSOR_DEFINITIONS = (
					"DEBUG=1",
					"$(inherited)",
				);
				GCC_WARN_64_TO_32_BIT_CONVERSION = YES;
				GCC_WARN_ABOUT_RETURN_TYPE = YES_ERROR;
				GCC_WARN_UNDECLARED_SELECTOR = YES;
				GCC_WARN_UNINITIALIZED_AUTOS = YES_AGGRESSIVE;
				GCC_WARN_UNUSED_FUNCTION = YES;
				GCC_WARN_UNUSED_VARIABLE = YES;
				IPHONEOS_DEPLOYMENT_TARGET = 16.1;
				MTL_ENABLE_DEBUG_INFO = INCLUDE_SOURCE;
				MTL_FAST_MATH = YES;
				ONLY_ACTIVE_ARCH = YES;
				SDKROOT = iphoneos;
				SWIFT_ACTIVE_COMPILATION_CONDITIONS = DEBUG;
				SWIFT_OPTIMIZATION_LEVEL = "-Onone";
			};
			name = Debug;
		};
		55CC54A42A239B4200F65E6B /* Release */ = {
			isa = XCBuildConfiguration;
			buildSettings = {
				ALWAYS_SEARCH_USER_PATHS = NO;
				CLANG_ANALYZER_NONNULL = YES;
				CLANG_ANALYZER_NUMBER_OBJECT_CONVERSION = YES_AGGRESSIVE;
				CLANG_CXX_LANGUAGE_STANDARD = "gnu++20";
				CLANG_ENABLE_MODULES = YES;
				CLANG_ENABLE_OBJC_ARC = YES;
				CLANG_ENABLE_OBJC_WEAK = YES;
				CLANG_WARN_BLOCK_CAPTURE_AUTORELEASING = YES;
				CLANG_WARN_BOOL_CONVERSION = YES;
				CLANG_WARN_COMMA = YES;
				CLANG_WARN_CONSTANT_CONVERSION = YES;
				CLANG_WARN_DEPRECATED_OBJC_IMPLEMENTATIONS = YES;
				CLANG_WARN_DIRECT_OBJC_ISA_USAGE = YES_ERROR;
				CLANG_WARN_DOCUMENTATION_COMMENTS = YES;
				CLANG_WARN_EMPTY_BODY = YES;
				CLANG_WARN_ENUM_CONVERSION = YES;
				CLANG_WARN_INFINITE_RECURSION = YES;
				CLANG_WARN_INT_CONVERSION = YES;
				CLANG_WARN_NON_LITERAL_NULL_CONVERSION = YES;
				CLANG_WARN_OBJC_IMPLICIT_RETAIN_SELF = YES;
				CLANG_WARN_OBJC_LITERAL_CONVERSION = YES;
				CLANG_WARN_OBJC_ROOT_CLASS = YES_ERROR;
				CLANG_WARN_QUOTED_INCLUDE_IN_FRAMEWORK_HEADER = YES;
				CLANG_WARN_RANGE_LOOP_ANALYSIS = YES;
				CLANG_WARN_STRICT_PROTOTYPES = YES;
				CLANG_WARN_SUSPICIOUS_MOVE = YES;
				CLANG_WARN_UNGUARDED_AVAILABILITY = YES_AGGRESSIVE;
				CLANG_WARN_UNREACHABLE_CODE = YES;
				CLANG_WARN__DUPLICATE_METHOD_MATCH = YES;
				COPY_PHASE_STRIP = NO;
				DEBUG_INFORMATION_FORMAT = "dwarf-with-dsym";
				ENABLE_NS_ASSERTIONS = NO;
				ENABLE_STRICT_OBJC_MSGSEND = YES;
				GCC_C_LANGUAGE_STANDARD = gnu11;
				GCC_NO_COMMON_BLOCKS = YES;
				GCC_WARN_64_TO_32_BIT_CONVERSION = YES;
				GCC_WARN_ABOUT_RETURN_TYPE = YES_ERROR;
				GCC_WARN_UNDECLARED_SELECTOR = YES;
				GCC_WARN_UNINITIALIZED_AUTOS = YES_AGGRESSIVE;
				GCC_WARN_UNUSED_FUNCTION = YES;
				GCC_WARN_UNUSED_VARIABLE = YES;
				IPHONEOS_DEPLOYMENT_TARGET = 16.1;
				MTL_ENABLE_DEBUG_INFO = NO;
				MTL_FAST_MATH = YES;
				SDKROOT = iphoneos;
				SWIFT_COMPILATION_MODE = wholemodule;
				SWIFT_OPTIMIZATION_LEVEL = "-O";
				VALIDATE_PRODUCT = YES;
			};
			name = Release;
		};
		55CC54A62A239B4200F65E6B /* Debug */ = {
			isa = XCBuildConfiguration;
			buildSettings = {
				ASSETCATALOG_COMPILER_APPICON_NAME = AppIcon;
				ASSETCATALOG_COMPILER_GLOBAL_ACCENT_COLOR_NAME = AccentColor;
				CODE_SIGN_STYLE = Automatic;
				CURRENT_PROJECT_VERSION = 1;
				DEVELOPMENT_TEAM = T5LT7XRVG2;
				GENERATE_INFOPLIST_FILE = YES;
				INFOPLIST_FILE = HangmanGame/Info.plist;
				INFOPLIST_KEY_UIApplicationSupportsIndirectInputEvents = YES;
				INFOPLIST_KEY_UILaunchStoryboardName = LaunchScreen;
				INFOPLIST_KEY_UIMainStoryboardFile = Main;
				INFOPLIST_KEY_UISupportedInterfaceOrientations_iPad = "UIInterfaceOrientationPortrait UIInterfaceOrientationPortraitUpsideDown UIInterfaceOrientationLandscapeLeft UIInterfaceOrientationLandscapeRight";
				INFOPLIST_KEY_UISupportedInterfaceOrientations_iPhone = "UIInterfaceOrientationPortrait UIInterfaceOrientationLandscapeLeft UIInterfaceOrientationLandscapeRight";
				LD_RUNPATH_SEARCH_PATHS = (
					"$(inherited)",
					"@executable_path/Frameworks",
				);
				MARKETING_VERSION = 1.0;
				PRODUCT_BUNDLE_IDENTIFIER = "-000-.HangmanGame";
				PRODUCT_NAME = "$(TARGET_NAME)";
				SWIFT_EMIT_LOC_STRINGS = YES;
				SWIFT_VERSION = 5.0;
				TARGETED_DEVICE_FAMILY = "1,2";
			};
			name = Debug;
		};
		55CC54A72A239B4200F65E6B /* Release */ = {
			isa = XCBuildConfiguration;
			buildSettings = {
				ASSETCATALOG_COMPILER_APPICON_NAME = AppIcon;
				ASSETCATALOG_COMPILER_GLOBAL_ACCENT_COLOR_NAME = AccentColor;
				CODE_SIGN_STYLE = Automatic;
				CURRENT_PROJECT_VERSION = 1;
				DEVELOPMENT_TEAM = T5LT7XRVG2;
				GENERATE_INFOPLIST_FILE = YES;
				INFOPLIST_FILE = HangmanGame/Info.plist;
				INFOPLIST_KEY_UIApplicationSupportsIndirectInputEvents = YES;
				INFOPLIST_KEY_UILaunchStoryboardName = LaunchScreen;
				INFOPLIST_KEY_UIMainStoryboardFile = Main;
				INFOPLIST_KEY_UISupportedInterfaceOrientations_iPad = "UIInterfaceOrientationPortrait UIInterfaceOrientationPortraitUpsideDown UIInterfaceOrientationLandscapeLeft UIInterfaceOrientationLandscapeRight";
				INFOPLIST_KEY_UISupportedInterfaceOrientations_iPhone = "UIInterfaceOrientationPortrait UIInterfaceOrientationLandscapeLeft UIInterfaceOrientationLandscapeRight";
				LD_RUNPATH_SEARCH_PATHS = (
					"$(inherited)",
					"@executable_path/Frameworks",
				);
				MARKETING_VERSION = 1.0;
				PRODUCT_BUNDLE_IDENTIFIER = "-000-.HangmanGame";
				PRODUCT_NAME = "$(TARGET_NAME)";
				SWIFT_EMIT_LOC_STRINGS = YES;
				SWIFT_VERSION = 5.0;
				TARGETED_DEVICE_FAMILY = "1,2";
			};
			name = Release;
		};
/* End XCBuildConfiguration section */

/* Begin XCConfigurationList section */
		55CC548C2A239B4000F65E6B /* Build configuration list for PBXProject "HangmanGame" */ = {
			isa = XCConfigurationList;
			buildConfigurations = (
				55CC54A32A239B4200F65E6B /* Debug */,
				55CC54A42A239B4200F65E6B /* Release */,
			);
			defaultConfigurationIsVisible = 0;
			defaultConfigurationName = Release;
		};
		55CC54A52A239B4200F65E6B /* Build configuration list for PBXNativeTarget "HangmanGame" */ = {
			isa = XCConfigurationList;
			buildConfigurations = (
				55CC54A62A239B4200F65E6B /* Debug */,
				55CC54A72A239B4200F65E6B /* Release */,
			);
			defaultConfigurationIsVisible = 0;
			defaultConfigurationName = Release;
		};
/* End XCConfigurationList section */
	};
	rootObject = 55CC54892A239B4000F65E6B /* Project object */;
}
